
Microsoft Visual Studio Solution File, Format Version 12.00
# Visual Studio Version 16
VisualStudioVersion = 16.0.30804.86
MinimumVisualStudioVersion = 10.0.40219.1
Project("{FAE04EC0-301F-11D3-BF4B-00C04F79EFBC}") = "AwaitableWaitHandle", "AwaitableWaitHandle\AwaitableWaitHandle.csproj", "{37EB6508-4DDB-4FC4-9B19-DED889B732D4}"
EndProject
Project("{FAE04EC0-301F-11D3-BF4B-00C04F79EFBC}") = "Tests.Unit", "Tests.Unit\Tests.Unit.csproj", "{46C783CF-2523-4284-9944-7E681FE21114}"
EndProject
Global
	GlobalSection(SolutionConfigurationPlatforms) = preSolution
		Debug|Any CPU = Debug|Any CPU
		Release|Any CPU = Release|Any CPU
	EndGlobalSection
	GlobalSection(ProjectConfigurationPlatforms) = postSolution
		{37EB6508-4DDB-4FC4-9B19-DED889B732D4}.Debug|Any CPU.ActiveCfg = Debug|Any CPU
		{37EB6508-4DDB-4FC4-9B19-DED889B732D4}.Debug|Any CPU.Build.0 = Debug|Any CPU
		{37EB6508-4DDB-4FC4-9B19-DED889B732D4}.Release|Any CPU.ActiveCfg = Release|Any CPU
		{37EB6508-4DDB-4FC4-9B19-DED889B732D4}.Release|Any CPU.Build.0 = Release|Any CPU
		{46C783CF-2523-4284-9944-7E681FE21114}.Debug|Any CPU.ActiveCfg = Debug|Any CPU
		{46C783CF-2523-4284-9944-7E681FE21114}.Debug|Any CPU.Build.0 = Debug|Any CPU
		{46C783CF-2523-4284-9944-7E681FE21114}.Release|Any CPU.ActiveCfg = Release|Any CPU
		{46C783CF-2523-4284-9944-7E681FE21114}.Release|Any CPU.Build.0 = Release|Any CPU
	EndGlobalSection
	GlobalSection(SolutionProperties) = preSolution
		HideSolutionNode = FALSE
	EndGlobalSection
	GlobalSection(ExtensibilityGlobals) = postSolution
		SolutionGuid = {0C51B866-9C8E-4244-B0A9-EA6043AFEDBB}
	EndGlobalSection
EndGlobal
